// !$*UTF8*$!
{
	archiveVersion = 1;
	classes = {
	};
	objectVersion = 46;
	objects = {

/* Begin PBXBuildFile section */
		2F3A4BEB1D1A44D100DDC6AE /* TestForSubmodule.h in CopyFiles */ = {isa = PBXBuildFile; fileRef = 2F3A4BEA1D1A44D100DDC6AE /* TestForSubmodule.h */; };
		2F3A4BED1D1A44D100DDC6AE /* TestForSubmodule.m in Sources */ = {isa = PBXBuildFile; fileRef = 2F3A4BEC1D1A44D100DDC6AE /* TestForSubmodule.m */; };
/* End PBXBuildFile section */

/* Begin PBXCopyFilesBuildPhase section */
		2F3A4BE51D1A44D100DDC6AE /* CopyFiles */ = {
			isa = PBXCopyFilesBuildPhase;
			buildActionMask = 2147483647;
			dstPath = "include/$(PRODUCT_NAME)";
			dstSubfolderSpec = 16;
			files = (
				2F3A4BEB1D1A44D100DDC6AE /* TestForSubmodule.h in CopyFiles */,
			);
			runOnlyForDeploymentPostprocessing = 0;
		};
/* End PBXCopyFilesBuildPhase section */

/* Begin PBXFileReference section */
		2F3A4BE71D1A44D100DDC6AE /* libTestForSubmodule.a */ = {isa = PBXFileReference; explicitFileType = archive.ar; includeInIndex = 0; path = libTestForSubmodule.a; sourceTree = BUILT_PRODUCTS_DIR; };
		2F3A4BEA1D1A44D100DDC6AE /* TestForSubmodule.h */ = {isa = PBXFileReference; lastKnownFileType = sourcecode.c.h; path = TestForSubmodule.h; sourceTree = "<group>"; };
		2F3A4BEC1D1A44D100DDC6AE /* TestForSubmodule.m */ = {isa = PBXFileReference; lastKnownFileType = sourcecode.c.objc; path = TestForSubmodule.m; sourceTree = "<group>"; };
/* End PBXFileReference section */

/* Begin PBXFrameworksBuildPhase section */
		2F3A4BE41D1A44D100DDC6AE /* Frameworks */ = {
			isa = PBXFrameworksBuildPhase;
			buildActionMask = 2147483647;
			files = (
			);
			runOnlyForDeploymentPostprocessing = 0;
		};
/* End PBXFrameworksBuildPhase section */

/* Begin PBXGroup section */
		2F3A4BDE1D1A44D100DDC6AE = {
			isa = PBXGroup;
			children = (
				2F3A4BE91D1A44D100DDC6AE /* TestForSubmodule */,
				2F3A4BE81D1A44D100DDC6AE /* Products */,
			);
			sourceTree = "<group>";
		};
		2F3A4BE81D1A44D100DDC6AE /* Products */ = {
			isa = PBXGroup;
			children = (
				2F3A4BE71D1A44D100DDC6AE /* libTestForSubmodule.a */,
			);
			name = Products;
			sourceTree = "<group>";
		};
		2F3A4BE91D1A44D100DDC6AE /* TestForSubmodule */ = {
			isa = PBXGroup;
			children = (
				2F3A4BEA1D1A44D100DDC6AE /* TestForSubmodule.h */,
				2F3A4BEC1D1A44D100DDC6AE /* TestForSubmodule.m */,
			);
			path = TestForSubmodule;
			sourceTree = "<group>";
		};
/* End PBXGroup section */

/* Begin PBXNativeTarget section */
		2F3A4BE61D1A44D100DDC6AE /* TestForSubmodule */ = {
			isa = PBXNativeTarget;
			buildConfigurationList = 2F3A4BF01D1A44D100DDC6AE /* Build configuration list for PBXNativeTarget "TestForSubmodule" */;
			buildPhases = (
				2F3A4BE31D1A44D100DDC6AE /* Sources */,
				2F3A4BE41D1A44D100DDC6AE /* Frameworks */,
				2F3A4BE51D1A44D100DDC6AE /* CopyFiles */,
			);
			buildRules = (
			);
			dependencies = (
			);
			name = TestForSubmodule;
			productName = TestForSubmodule;
			productReference = 2F3A4BE71D1A44D100DDC6AE /* libTestForSubmodule.a */;
			productType = "com.apple.product-type.library.static";
		};
/* End PBXNativeTarget section */

/* Begin PBXProject section */
		2F3A4BDF1D1A44D100DDC6AE /* Project object */ = {
			isa = PBXProject;
			attributes = {
				LastUpgradeCheck = 0730;
				ORGANIZATIONNAME = zhejunshen;
				TargetAttributes = {
					2F3A4BE61D1A44D100DDC6AE = {
						CreatedOnToolsVersion = 7.3.1;
					};
				};
			};
			buildConfigurationList = 2F3A4BE21D1A44D100DDC6AE /* Build configuration list for PBXProject "TestForSubmodule" */;
			compatibilityVersion = "Xcode 3.2";
			developmentRegion = English;
			hasScannedForEncodings = 0;
			knownRegions = (
				en,
			);
			mainGroup = 2F3A4BDE1D1A44D100DDC6AE;
			productRefGroup = 2F3A4BE81D1A44D100DDC6AE /* Products */;
			projectDirPath = "";
			projectRoot = "";
			targets = (
				2F3A4BE61D1A44D100DDC6AE /* TestForSubmodule */,
			);
		};
/* End PBXProject section */

/* Begin PBXSourcesBuildPhase section */
		2F3A4BE31D1A44D100DDC6AE /* Sources */ = {
			isa = PBXSourcesBuildPhase;
			buildActionMask = 2147483647;
			files = (
				2F3A4BED1D1A44D100DDC6AE /* TestForSubmodule.m in Sources */,
			);
			runOnlyForDeploymentPostprocessing = 0;
		};
/* End PBXSourcesBuildPhase section */

/* Begin XCBuildConfiguration section */
		2F3A4BEE1D1A44D100DDC6AE /* Debug */ = {
			isa = XCBuildConfiguration;
			buildSettings = {
				ALWAYS_SEARCH_USER_PATHS = NO;
				CLANG_ANALYZER_NONNULL = YES;
				CLANG_CXX_LANGUAGE_STANDARD = "gnu++0x";
				CLANG_CXX_LIBRARY = "libc++";
				CLANG_ENABLE_MODULES = YES;
				CLANG_ENABLE_OBJC_ARC = YES;
				CLANG_WARN_BOOL_CONVERSION = YES;
				CLANG_WARN_CONSTANT_CONVERSION = YES;
				CLANG_WARN_DIRECT_OBJC_ISA_USAGE = YES_ERROR;
				CLANG_WARN_EMPTY_BODY = YES;
				CLANG_WARN_ENUM_CONVERSION = YES;
				CLANG_WARN_INT_CONVERSION = YES;
				CLANG_WARN_OBJC_ROOT_CLASS = YES_ERROR;
				CLANG_WARN_UNREACHABLE_CODE = YES;
				CLANG_WARN__DUPLICATE_METHOD_MATCH = YES;
				"CODE_SIGN_IDENTITY[sdk=iphoneos*]" = "iPhone Developer";
				COPY_PHASE_STRIP = NO;
				DEBUG_INFORMATION_FORMAT = dwarf;
				ENABLE_STRICT_OBJC_MSGSEND = YES;
				ENABLE_TESTABILITY = YES;
				GCC_C_LANGUAGE_STANDARD = gnu99;
				GCC_DYNAMIC_NO_PIC = NO;
				GCC_NO_COMMON_BLOCKS = YES;
				GCC_OPTIMIZATION_LEVEL = 0;
				GCC_PREPROCESSOR_DEFINITIONS = (
					"DEBUG=1",
					"$(inherited)",
				);
				GCC_WARN_64_TO_32_BIT_CONVERSION = YES;
				GCC_WARN_ABOUT_RETURN_TYPE = YES_ERROR;
				GCC_WARN_UNDECLARED_SELECTOR = YES;
				GCC_WARN_UNINITIALIZED_AUTOS = YES_AGGRESSIVE;
				GCC_WARN_UNUSED_FUNCTION = YES;
				GCC_WARN_UNUSED_VARIABLE = YES;
				IPHONEOS_DEPLOYMENT_TARGET = 9.3;
				MTL_ENABLE_DEBUG_INFO = YES;
				ONLY_ACTIVE_ARCH = YES;
				SDKROOT = iphoneos;
			};
			name = Debug;
		};
		2F3A4BEF1D1A44D100DDC6AE /* Release */ = {
			isa = XCBuildConfiguration;
			buildSettings = {
				ALWAYS_SEARCH_USER_PATHS = NO;
				CLANG_ANALYZER_NONNULL = YES;
				CLANG_CXX_LANGUAGE_STANDARD = "gnu++0x";
				CLANG_CXX_LIBRARY = "libc++";
				CLANG_ENABLE_MODULES = YES;
				CLANG_ENABLE_OBJC_ARC = YES;
				CLANG_WARN_BOOL_CONVERSION = YES;
				CLANG_WARN_CONSTANT_CONVERSION = YES;
				CLANG_WARN_DIRECT_OBJC_ISA_USAGE = YES_ERROR;
				CLANG_WARN_EMPTY_BODY = YES;
				CLANG_WARN_ENUM_CONVERSION = YES;
				CLANG_WARN_INT_CONVERSION = YES;
				CLANG_WARN_OBJC_ROOT_CLASS = YES_ERROR;
				CLANG_WARN_UNREACHABLE_CODE = YES;
				CLANG_WARN__DUPLICATE_METHOD_MATCH = YES;
				"CODE_SIGN_IDENTITY[sdk=iphoneos*]" = "iPhone Developer";
				COPY_PHASE_STRIP = NO;
				DEBUG_INFORMATION_FORMAT = "dwarf-with-dsym";
				ENABLE_NS_ASSERTIONS = NO;
				ENABLE_STRICT_OBJC_MSGSEND = YES;
				GCC_C_LANGUAGE_STANDARD = gnu99;
				GCC_NO_COMMON_BLOCKS = YES;
				GCC_WARN_64_TO_32_BIT_CONVERSION = YES;
				GCC_WARN_ABOUT_RETURN_TYPE = YES_ERROR;
				GCC_WARN_UNDECLARED_SELECTOR = YES;
				GCC_WARN_UNINITIALIZED_AUTOS = YES_AGGRESSIVE;
				GCC_WARN_UNUSED_FUNCTION = YES;
				GCC_WARN_UNUSED_VARIABLE = YES;
				IPHONEOS_DEPLOYMENT_TARGET = 9.3;
				MTL_ENABLE_DEBUG_INFO = NO;
				SDKROOT = iphoneos;
				VALIDATE_PRODUCT = YES;
			};
			name = Release;
		};
		2F3A4BF11D1A44D100DDC6AE /* Debug */ = {
			isa = XCBuildConfiguration;
			buildSettings = {
				OTHER_LDFLAGS = "-ObjC";
				PRODUCT_NAME = "$(TARGET_NAME)";
				SKIP_INSTALL = YES;
			};
			name = Debug;
		};
		2F3A4BF21D1A44D100DDC6AE /* Release */ = {
			isa = XCBuildConfiguration;
			buildSettings = {
				OTHER_LDFLAGS = "-ObjC";
				PRODUCT_NAME = "$(TARGET_NAME)";
				SKIP_INSTALL = YES;
			};
			name = Release;
		};
/* End XCBuildConfiguration section */

/* Begin XCConfigurationList section */
		2F3A4BE21D1A44D100DDC6AE /* Build configuration list for PBXProject "TestForSubmodule" */ = {
			isa = XCConfigurationList;
			buildConfigurations = (
				2F3A4BEE1D1A44D100DDC6AE /* Debug */,
				2F3A4BEF1D1A44D100DDC6AE /* Release */,
			);
			defaultConfigurationIsVisible = 0;
			defaultConfigurationName = Release;
		};
		2F3A4BF01D1A44D100DDC6AE /* Build configuration list for PBXNativeTarget "TestForSubmodule" */ = {
			isa = XCConfigurationList;
			buildConfigurations = (
				2F3A4BF11D1A44D100DDC6AE /* Debug */,
				2F3A4BF21D1A44D100DDC6AE /* Release */,
			);
			defaultConfigurationIsVisible = 0;
		};
/* End XCConfigurationList section */
	};
	rootObject = 2F3A4BDF1D1A44D100DDC6AE /* Project object */;
}
